// !$*UTF8*$!
{
	archiveVersion = 1;
	classes = {
	};
	objectVersion = 55;
	objects = {

/* Begin PBXBuildFile section */
		42B58FE72796E8C8000ECDA0 /* TabbedApp.swift in Sources */ = {isa = PBXBuildFile; fileRef = 42B58FE62796E8C8000ECDA0 /* TabbedApp.swift */; };
		42B58FE92796E8C8000ECDA0 /* ContentView.swift in Sources */ = {isa = PBXBuildFile; fileRef = 42B58FE82796E8C8000ECDA0 /* ContentView.swift */; };
		42B58FEB2796E8CA000ECDA0 /* Assets.xcassets in Resources */ = {isa = PBXBuildFile; fileRef = 42B58FEA2796E8CA000ECDA0 /* Assets.xcassets */; };
		42B58FEE2796E8CA000ECDA0 /* Preview Assets.xcassets in Resources */ = {isa = PBXBuildFile; fileRef = 42B58FED2796E8CA000ECDA0 /* Preview Assets.xcassets */; };
		42B58FF82796E8CB000ECDA0 /* TabbedTests.swift in Sources */ = {isa = PBXBuildFile; fileRef = 42B58FF72796E8CB000ECDA0 /* TabbedTests.swift */; };
		42B590022796E8CB000ECDA0 /* TabbedUITests.swift in Sources */ = {isa = PBXBuildFile; fileRef = 42B590012796E8CB000ECDA0 /* TabbedUITests.swift */; };
		42B590042796E8CB000ECDA0 /* TabbedUITestsLaunchTests.swift in Sources */ = {isa = PBXBuildFile; fileRef = 42B590032796E8CB000ECDA0 /* TabbedUITestsLaunchTests.swift */; };
/* End PBXBuildFile section */

/* Begin PBXContainerItemProxy section */
		42B58FF42796E8CB000ECDA0 /* PBXContainerItemProxy */ = {
			isa = PBXContainerItemProxy;
			containerPortal = 42B58FDB2796E8C8000ECDA0 /* Project object */;
			proxyType = 1;
			remoteGlobalIDString = 42B58FE22796E8C8000ECDA0;
			remoteInfo = Tabbed;
		};
		42B58FFE2796E8CB000ECDA0 /* PBXContainerItemProxy */ = {
			isa = PBXContainerItemProxy;
			containerPortal = 42B58FDB2796E8C8000ECDA0 /* Project object */;
			proxyType = 1;
			remoteGlobalIDString = 42B58FE22796E8C8000ECDA0;
			remoteInfo = Tabbed;
		};
/* End PBXContainerItemProxy section */

/* Begin PBXFileReference section */
		42B58FE32796E8C8000ECDA0 /* Tabbed.app */ = {isa = PBXFileReference; explicitFileType = wrapper.application; includeInIndex = 0; path = Tabbed.app; sourceTree = BUILT_PRODUCTS_DIR; };
		42B58FE62796E8C8000ECDA0 /* TabbedApp.swift */ = {isa = PBXFileReference; lastKnownFileType = sourcecode.swift; path = TabbedApp.swift; sourceTree = "<group>"; };
		42B58FE82796E8C8000ECDA0 /* ContentView.swift */ = {isa = PBXFileReference; lastKnownFileType = sourcecode.swift; path = ContentView.swift; sourceTree = "<group>"; };
		42B58FEA2796E8CA000ECDA0 /* Assets.xcassets */ = {isa = PBXFileReference; lastKnownFileType = folder.assetcatalog; path = Assets.xcassets; sourceTree = "<group>"; };
		42B58FED2796E8CA000ECDA0 /* Preview Assets.xcassets */ = {isa = PBXFileReference; lastKnownFileType = folder.assetcatalog; path = "Preview Assets.xcassets"; sourceTree = "<group>"; };
		42B58FF32796E8CB000ECDA0 /* TabbedTests.xctest */ = {isa = PBXFileReference; explicitFileType = wrapper.cfbundle; includeInIndex = 0; path = TabbedTests.xctest; sourceTree = BUILT_PRODUCTS_DIR; };
		42B58FF72796E8CB000ECDA0 /* TabbedTests.swift */ = {isa = PBXFileReference; lastKnownFileType = sourcecode.swift; path = TabbedTests.swift; sourceTree = "<group>"; };
		42B58FFD2796E8CB000ECDA0 /* TabbedUITests.xctest */ = {isa = PBXFileReference; explicitFileType = wrapper.cfbundle; includeInIndex = 0; path = TabbedUITests.xctest; sourceTree = BUILT_PRODUCTS_DIR; };
		42B590012796E8CB000ECDA0 /* TabbedUITests.swift */ = {isa = PBXFileReference; lastKnownFileType = sourcecode.swift; path = TabbedUITests.swift; sourceTree = "<group>"; };
		42B590032796E8CB000ECDA0 /* TabbedUITestsLaunchTests.swift */ = {isa = PBXFileReference; lastKnownFileType = sourcecode.swift; path = TabbedUITestsLaunchTests.swift; sourceTree = "<group>"; };
/* End PBXFileReference section */

/* Begin PBXFrameworksBuildPhase section */
		42B58FE02796E8C8000ECDA0 /* Frameworks */ = {
			isa = PBXFrameworksBuildPhase;
			buildActionMask = 2147483647;
			files = (
			);
			runOnlyForDeploymentPostprocessing = 0;
		};
		42B58FF02796E8CB000ECDA0 /* Frameworks */ = {
			isa = PBXFrameworksBuildPhase;
			buildActionMask = 2147483647;
			files = (
			);
			runOnlyForDeploymentPostprocessing = 0;
		};
		42B58FFA2796E8CB000ECDA0 /* Frameworks */ = {
			isa = PBXFrameworksBuildPhase;
			buildActionMask = 2147483647;
			files = (
			);
			runOnlyForDeploymentPostprocessing = 0;
		};
/* End PBXFrameworksBuildPhase section */

/* Begin PBXGroup section */
		42B58FDA2796E8C8000ECDA0 = {
			isa = PBXGroup;
			children = (
				42B58FE52796E8C8000ECDA0 /* Tabbed */,
				42B58FF62796E8CB000ECDA0 /* TabbedTests */,
				42B590002796E8CB000ECDA0 /* TabbedUITests */,
				42B58FE42796E8C8000ECDA0 /* Products */,
			);
			sourceTree = "<group>";
		};
		42B58FE42796E8C8000ECDA0 /* Products */ = {
			isa = PBXGroup;
			children = (
				42B58FE32796E8C8000ECDA0 /* Tabbed.app */,
				42B58FF32796E8CB000ECDA0 /* TabbedTests.xctest */,
				42B58FFD2796E8CB000ECDA0 /* TabbedUITests.xctest */,
			);
			name = Products;
			sourceTree = "<group>";
		};
		42B58FE52796E8C8000ECDA0 /* Tabbed */ = {
			isa = PBXGroup;
			children = (
				42B58FE62796E8C8000ECDA0 /* TabbedApp.swift */,
				42B58FE82796E8C8000ECDA0 /* ContentView.swift */,
				42B58FEA2796E8CA000ECDA0 /* Assets.xcassets */,
				42B58FEC2796E8CA000ECDA0 /* Preview Content */,
			);
			path = Tabbed;
			sourceTree = "<group>";
		};
		42B58FEC2796E8CA000ECDA0 /* Preview Content */ = {
			isa = PBXGroup;
			children = (
				42B58FED2796E8CA000ECDA0 /* Preview Assets.xcassets */,
			);
			path = "Preview Content";
			sourceTree = "<group>";
		};
		42B58FF62796E8CB000ECDA0 /* TabbedTests */ = {
			isa = PBXGroup;
			children = (
				42B58FF72796E8CB000ECDA0 /* TabbedTests.swift */,
			);
			path = TabbedTests;
			sourceTree = "<group>";
		};
		42B590002796E8CB000ECDA0 /* TabbedUITests */ = {
			isa = PBXGroup;
			children = (
				42B590012796E8CB000ECDA0 /* TabbedUITests.swift */,
				42B590032796E8CB000ECDA0 /* TabbedUITestsLaunchTests.swift */,
			);
			path = TabbedUITests;
			sourceTree = "<group>";
		};
/* End PBXGroup section */

/* Begin PBXNativeTarget section */
		42B58FE22796E8C8000ECDA0 /* Tabbed */ = {
			isa = PBXNativeTarget;
			buildConfigurationList = 42B590072796E8CB000ECDA0 /* Build configuration list for PBXNativeTarget "Tabbed" */;
			buildPhases = (
				42B58FDF2796E8C8000ECDA0 /* Sources */,
				42B58FE02796E8C8000ECDA0 /* Frameworks */,
				42B58FE12796E8C8000ECDA0 /* Resources */,
			);
			buildRules = (
			);
			dependencies = (
			);
			name = Tabbed;
			productName = Tabbed;
			productReference = 42B58FE32796E8C8000ECDA0 /* Tabbed.app */;
			productType = "com.apple.product-type.application";
		};
		42B58FF22796E8CB000ECDA0 /* TabbedTests */ = {
			isa = PBXNativeTarget;
			buildConfigurationList = 42B5900A2796E8CB000ECDA0 /* Build configuration list for PBXNativeTarget "TabbedTests" */;
			buildPhases = (
				42B58FEF2796E8CB000ECDA0 /* Sources */,
				42B58FF02796E8CB000ECDA0 /* Frameworks */,
				42B58FF12796E8CB000ECDA0 /* Resources */,
			);
			buildRules = (
			);
			dependencies = (
				42B58FF52796E8CB000ECDA0 /* PBXTargetDependency */,
			);
			name = TabbedTests;
			productName = TabbedTests;
			productReference = 42B58FF32796E8CB000ECDA0 /* TabbedTests.xctest */;
			productType = "com.apple.product-type.bundle.unit-test";
		};
		42B58FFC2796E8CB000ECDA0 /* TabbedUITests */ = {
			isa = PBXNativeTarget;
			buildConfigurationList = 42B5900D2796E8CB000ECDA0 /* Build configuration list for PBXNativeTarget "TabbedUITests" */;
			buildPhases = (
				42B58FF92796E8CB000ECDA0 /* Sources */,
				42B58FFA2796E8CB000ECDA0 /* Frameworks */,
				42B58FFB2796E8CB000ECDA0 /* Resources */,
			);
			buildRules = (
			);
			dependencies = (
				42B58FFF2796E8CB000ECDA0 /* PBXTargetDependency */,
			);
			name = TabbedUITests;
			productName = TabbedUITests;
			productReference = 42B58FFD2796E8CB000ECDA0 /* TabbedUITests.xctest */;
			productType = "com.apple.product-type.bundle.ui-testing";
		};
/* End PBXNativeTarget section */

/* Begin PBXProject section */
		42B58FDB2796E8C8000ECDA0 /* Project object */ = {
			isa = PBXProject;
			attributes = {
				BuildIndependentTargetsInParallel = 1;
				LastSwiftUpdateCheck = 1320;
				LastUpgradeCheck = 1320;
				TargetAttributes = {
					42B58FE22796E8C8000ECDA0 = {
						CreatedOnToolsVersion = 13.2;
					};
					42B58FF22796E8CB000ECDA0 = {
						CreatedOnToolsVersion = 13.2;
						TestTargetID = 42B58FE22796E8C8000ECDA0;
					};
					42B58FFC2796E8CB000ECDA0 = {
						CreatedOnToolsVersion = 13.2;
						TestTargetID = 42B58FE22796E8C8000ECDA0;
					};
				};
			};
			buildConfigurationList = 42B58FDE2796E8C8000ECDA0 /* Build configuration list for PBXProject "Tabbed" */;
			compatibilityVersion = "Xcode 13.0";
			developmentRegion = en;
			hasScannedForEncodings = 0;
			knownRegions = (
				en,
				Base,
			);
			mainGroup = 42B58FDA2796E8C8000ECDA0;
			productRefGroup = 42B58FE42796E8C8000ECDA0 /* Products */;
			projectDirPath = "";
			projectRoot = "";
			targets = (
				42B58FE22796E8C8000ECDA0 /* Tabbed */,
				42B58FF22796E8CB000ECDA0 /* TabbedTests */,
				42B58FFC2796E8CB000ECDA0 /* TabbedUITests */,
			);
		};
/* End PBXProject section */

/* Begin PBXResourcesBuildPhase section */
		42B58FE12796E8C8000ECDA0 /* Resources */ = {
			isa = PBXResourcesBuildPhase;
			buildActionMask = 2147483647;
			files = (
				42B58FEE2796E8CA000ECDA0 /* Preview Assets.xcassets in Resources */,
				42B58FEB2796E8CA000ECDA0 /* Assets.xcassets in Resources */,
			);
			runOnlyForDeploymentPostprocessing = 0;
		};
		42B58FF12796E8CB000ECDA0 /* Resources */ = {
			isa = PBXResourcesBuildPhase;
			buildActionMask = 2147483647;
			files = (
			);
			runOnlyForDeploymentPostprocessing = 0;
		};
		42B58FFB2796E8CB000ECDA0 /* Resources */ = {
			isa = PBXResourcesBuildPhase;
			buildActionMask = 2147483647;
			files = (
			);
			runOnlyForDeploymentPostprocessing = 0;
		};
/* End PBXResourcesBuildPhase section */

/* Begin PBXSourcesBuildPhase section */
		42B58FDF2796E8C8000ECDA0 /* Sources */ = {
			isa = PBXSourcesBuildPhase;
			buildActionMask = 2147483647;
			files = (
				42B58FE92796E8C8000ECDA0 /* ContentView.swift in Sources */,
				42B58FE72796E8C8000ECDA0 /* TabbedApp.swift in Sources */,
			);
			runOnlyForDeploymentPostprocessing = 0;
		};
		42B58FEF2796E8CB000ECDA0 /* Sources */ = {
			isa = PBXSourcesBuildPhase;
			buildActionMask = 2147483647;
			files = (
				42B58FF82796E8CB000ECDA0 /* TabbedTests.swift in Sources */,
			);
			runOnlyForDeploymentPostprocessing = 0;
		};
		42B58FF92796E8CB000ECDA0 /* Sources */ = {
			isa = PBXSourcesBuildPhase;
			buildActionMask = 2147483647;
			files = (
				42B590042796E8CB000ECDA0 /* TabbedUITestsLaunchTests.swift in Sources */,
				42B590022796E8CB000ECDA0 /* TabbedUITests.swift in Sources */,
			);
			runOnlyForDeploymentPostprocessing = 0;
		};
/* End PBXSourcesBuildPhase section */

/* Begin PBXTargetDependency section */
		42B58FF52796E8CB000ECDA0 /* PBXTargetDependency */ = {
			isa = PBXTargetDependency;
			target = 42B58FE22796E8C8000ECDA0 /* Tabbed */;
			targetProxy = 42B58FF42796E8CB000ECDA0 /* PBXContainerItemProxy */;
		};
		42B58FFF2796E8CB000ECDA0 /* PBXTargetDependency */ = {
			isa = PBXTargetDependency;
			target = 42B58FE22796E8C8000ECDA0 /* Tabbed */;
			targetProxy = 42B58FFE2796E8CB000ECDA0 /* PBXContainerItemProxy */;
		};
/* End PBXTargetDependency section */

/* Begin XCBuildConfiguration section */
		42B590052796E8CB000ECDA0 /* Debug */ = {
			isa = XCBuildConfiguration;
			buildSettings = {
				ALWAYS_SEARCH_USER_PATHS = NO;
				CLANG_ANALYZER_NONNULL = YES;
				CLANG_ANALYZER_NUMBER_OBJECT_CONVERSION = YES_AGGRESSIVE;
				CLANG_CXX_LANGUAGE_STANDARD = "gnu++17";
				CLANG_CXX_LIBRARY = "libc++";
				CLANG_ENABLE_MODULES = YES;
				CLANG_ENABLE_OBJC_ARC = YES;
				CLANG_ENABLE_OBJC_WEAK = YES;
				CLANG_WARN_BLOCK_CAPTURE_AUTORELEASING = YES;
				CLANG_WARN_BOOL_CONVERSION = YES;
				CLANG_WARN_COMMA = YES;
				CLANG_WARN_CONSTANT_CONVERSION = YES;
				CLANG_WARN_DEPRECATED_OBJC_IMPLEMENTATIONS = YES;
				CLANG_WARN_DIRECT_OBJC_ISA_USAGE = YES_ERROR;
				CLANG_WARN_DOCUMENTATION_COMMENTS = YES;
				CLANG_WARN_EMPTY_BODY = YES;
				CLANG_WARN_ENUM_CONVERSION = YES;
				CLANG_WARN_INFINITE_RECURSION = YES;
				CLANG_WARN_INT_CONVERSION = YES;
				CLANG_WARN_NON_LITERAL_NULL_CONVERSION = YES;
				CLANG_WARN_OBJC_IMPLICIT_RETAIN_SELF = YES;
				CLANG_WARN_OBJC_LITERAL_CONVERSION = YES;
				CLANG_WARN_OBJC_ROOT_CLASS = YES_ERROR;
				CLANG_WARN_QUOTED_INCLUDE_IN_FRAMEWORK_HEADER = YES;
				CLANG_WARN_RANGE_LOOP_ANALYSIS = YES;
				CLANG_WARN_STRICT_PROTOTYPES = YES;
				CLANG_WARN_SUSPICIOUS_MOVE = YES;
				CLANG_WARN_UNGUARDED_AVAILABILITY = YES_AGGRESSIVE;
				CLANG_WARN_UNREACHABLE_CODE = YES;
				CLANG_WARN__DUPLICATE_METHOD_MATCH = YES;
				COPY_PHASE_STRIP = NO;
				DEBUG_INFORMATION_FORMAT = dwarf;
				ENABLE_STRICT_OBJC_MSGSEND = YES;
				ENABLE_TESTABILITY = YES;
				GCC_C_LANGUAGE_STANDARD = gnu11;
				GCC_DYNAMIC_NO_PIC = NO;
				GCC_NO_COMMON_BLOCKS = YES;
				GCC_OPTIMIZATION_LEVEL = 0;
				GCC_PREPROCESSOR_DEFINITIONS = (
					"DEBUG=1",
					"$(inherited)",
				);
				GCC_WARN_64_TO_32_BIT_CONVERSION = YES;
				GCC_WARN_ABOUT_RETURN_TYPE = YES_ERROR;
				GCC_WARN_UNDECLARED_SELECTOR = YES;
				GCC_WARN_UNINITIALIZED_AUTOS = YES_AGGRESSIVE;
				GCC_WARN_UNUSED_FUNCTION = YES;
				GCC_WARN_UNUSED_VARIABLE = YES;
				IPHONEOS_DEPLOYMENT_TARGET = 15.2;
				MTL_ENABLE_DEBUG_INFO = INCLUDE_SOURCE;
				MTL_FAST_MATH = YES;
				ONLY_ACTIVE_ARCH = YES;
				SDKROOT = iphoneos;
				SWIFT_ACTIVE_COMPILATION_CONDITIONS = DEBUG;
				SWIFT_OPTIMIZATION_LEVEL = "-Onone";
			};
			name = Debug;
		};
		42B590062796E8CB000ECDA0 /* Release */ = {
			isa = XCBuildConfiguration;
			buildSettings = {
				ALWAYS_SEARCH_USER_PATHS = NO;
				CLANG_ANALYZER_NONNULL = YES;
				CLANG_ANALYZER_NUMBER_OBJECT_CONVERSION = YES_AGGRESSIVE;
				CLANG_CXX_LANGUAGE_STANDARD = "gnu++17";
				CLANG_CXX_LIBRARY = "libc++";
				CLANG_ENABLE_MODULES = YES;
				CLANG_ENABLE_OBJC_ARC = YES;
				CLANG_ENABLE_OBJC_WEAK = YES;
				CLANG_WARN_BLOCK_CAPTURE_AUTORELEASING = YES;
				CLANG_WARN_BOOL_CONVERSION = YES;
				CLANG_WARN_COMMA = YES;
				CLANG_WARN_CONSTANT_CONVERSION = YES;
				CLANG_WARN_DEPRECATED_OBJC_IMPLEMENTATIONS = YES;
				CLANG_WARN_DIRECT_OBJC_ISA_USAGE = YES_ERROR;
				CLANG_WARN_DOCUMENTATION_COMMENTS = YES;
				CLANG_WARN_EMPTY_BODY = YES;
				CLANG_WARN_ENUM_CONVERSION = YES;
				CLANG_WARN_INFINITE_RECURSION = YES;
				CLANG_WARN_INT_CONVERSION = YES;
				CLANG_WARN_NON_LITERAL_NULL_CONVERSION = YES;
				CLANG_WARN_OBJC_IMPLICIT_RETAIN_SELF = YES;
				CLANG_WARN_OBJC_LITERAL_CONVERSION = YES;
				CLANG_WARN_OBJC_ROOT_CLASS = YES_ERROR;
				CLANG_WARN_QUOTED_INCLUDE_IN_FRAMEWORK_HEADER = YES;
				CLANG_WARN_RANGE_LOOP_ANALYSIS = YES;
				CLANG_WARN_STRICT_PROTOTYPES = YES;
				CLANG_WARN_SUSPICIOUS_MOVE = YES;
				CLANG_WARN_UNGUARDED_AVAILABILITY = YES_AGGRESSIVE;
				CLANG_WARN_UNREACHABLE_CODE = YES;
				CLANG_WARN__DUPLICATE_METHOD_MATCH = YES;
				COPY_PHASE_STRIP = NO;
				DEBUG_INFORMATION_FORMAT = "dwarf-with-dsym";
				ENABLE_NS_ASSERTIONS = NO;
				ENABLE_STRICT_OBJC_MSGSEND = YES;
				GCC_C_LANGUAGE_STANDARD = gnu11;
				GCC_NO_COMMON_BLOCKS = YES;
				GCC_WARN_64_TO_32_BIT_CONVERSION = YES;
				GCC_WARN_ABOUT_RETURN_TYPE = YES_ERROR;
				GCC_WARN_UNDECLARED_SELECTOR = YES;
				GCC_WARN_UNINITIALIZED_AUTOS = YES_AGGRESSIVE;
				GCC_WARN_UNUSED_FUNCTION = YES;
				GCC_WARN_UNUSED_VARIABLE = YES;
				IPHONEOS_DEPLOYMENT_TARGET = 15.2;
				MTL_ENABLE_DEBUG_INFO = NO;
				MTL_FAST_MATH = YES;
				SDKROOT = iphoneos;
				SWIFT_COMPILATION_MODE = wholemodule;
				SWIFT_OPTIMIZATION_LEVEL = "-O";
				VALIDATE_PRODUCT = YES;
			};
			name = Release;
		};
		42B590082796E8CB000ECDA0 /* Debug */ = {
			isa = XCBuildConfiguration;
			buildSettings = {
				ASSETCATALOG_COMPILER_APPICON_NAME = AppIcon;
				ASSETCATALOG_COMPILER_GLOBAL_ACCENT_COLOR_NAME = AccentColor;
				CODE_SIGN_STYLE = Automatic;
				CURRENT_PROJECT_VERSION = 1;
				DEVELOPMENT_ASSET_PATHS = "\"Tabbed/Preview Content\"";
				DEVELOPMENT_TEAM = T7G2QUBVY7;
				ENABLE_PREVIEWS = YES;
				GENERATE_INFOPLIST_FILE = YES;
				INFOPLIST_KEY_UIApplicationSceneManifest_Generation = YES;
				INFOPLIST_KEY_UIApplicationSupportsIndirectInputEvents = YES;
				INFOPLIST_KEY_UILaunchScreen_Generation = YES;
				INFOPLIST_KEY_UISupportedInterfaceOrientations_iPad = "UIInterfaceOrientationPortrait UIInterfaceOrientationPortraitUpsideDown UIInterfaceOrientationLandscapeLeft UIInterfaceOrientationLandscapeRight";
				INFOPLIST_KEY_UISupportedInterfaceOrientations_iPhone = "UIInterfaceOrientationPortrait UIInterfaceOrientationLandscapeLeft UIInterfaceOrientationLandscapeRight";
				LD_RUNPATH_SEARCH_PATHS = (
					"$(inherited)",
					"@executable_path/Frameworks",
				);
				MARKETING_VERSION = 1.0;
				PRODUCT_BUNDLE_IDENTIFIER = NazarCompany.Tabbed;
				PRODUCT_NAME = "$(TARGET_NAME)";
				SWIFT_EMIT_LOC_STRINGS = YES;
				SWIFT_VERSION = 5.0;
				TARGETED_DEVICE_FAMILY = "1,2";
			};
			name = Debug;
		};
		42B590092796E8CB000ECDA0 /* Release */ = {
			isa = XCBuildConfiguration;
			buildSettings = {
				ASSETCATALOG_COMPILER_APPICON_NAME = AppIcon;
				ASSETCATALOG_COMPILER_GLOBAL_ACCENT_COLOR_NAME = AccentColor;
				CODE_SIGN_STYLE = Automatic;
				CURRENT_PROJECT_VERSION = 1;
				DEVELOPMENT_ASSET_PATHS = "\"Tabbed/Preview Content\"";
				DEVELOPMENT_TEAM = T7G2QUBVY7;
				ENABLE_PREVIEWS = YES;
				GENERATE_INFOPLIST_FILE = YES;
				INFOPLIST_KEY_UIApplicationSceneManifest_Generation = YES;
				INFOPLIST_KEY_UIApplicationSupportsIndirectInputEvents = YES;
				INFOPLIST_KEY_UILaunchScreen_Generation = YES;
				INFOPLIST_KEY_UISupportedInterfaceOrientations_iPad = "UIInterfaceOrientationPortrait UIInterfaceOrientationPortraitUpsideDown UIInterfaceOrientationLandscapeLeft UIInterfaceOrientationLandscapeRight";
				INFOPLIST_KEY_UISupportedInterfaceOrientations_iPhone = "UIInterfaceOrientationPortrait UIInterfaceOrientationLandscapeLeft UIInterfaceOrientationLandscapeRight";
				LD_RUNPATH_SEARCH_PATHS = (
					"$(inherited)",
					"@executable_path/Frameworks",
				);
				MARKETING_VERSION = 1.0;
				PRODUCT_BUNDLE_IDENTIFIER = NazarCompany.Tabbed;
				PRODUCT_NAME = "$(TARGET_NAME)";
				SWIFT_EMIT_LOC_STRINGS = YES;
				SWIFT_VERSION = 5.0;
				TARGETED_DEVICE_FAMILY = "1,2";
			};
			name = Release;
		};
		42B5900B2796E8CB000ECDA0 /* Debug */ = {
			isa = XCBuildConfiguration;
			buildSettings = {
				ALWAYS_EMBED_SWIFT_STANDARD_LIBRARIES = YES;
				BUNDLE_LOADER = "$(TEST_HOST)";
				CODE_SIGN_STYLE = Automatic;
				CURRENT_PROJECT_VERSION = 1;
				DEVELOPMENT_TEAM = T7G2QUBVY7;
				GENERATE_INFOPLIST_FILE = YES;
				IPHONEOS_DEPLOYMENT_TARGET = 15.2;
				MARKETING_VERSION = 1.0;
				PRODUCT_BUNDLE_IDENTIFIER = NazarCompany.TabbedTests;
				PRODUCT_NAME = "$(TARGET_NAME)";
				SWIFT_EMIT_LOC_STRINGS = NO;
				SWIFT_VERSION = 5.0;
				TARGETED_DEVICE_FAMILY = "1,2";
				TEST_HOST = "$(BUILT_PRODUCTS_DIR)/Tabbed.app/Tabbed";
			};
			name = Debug;
		};
		42B5900C2796E8CB000ECDA0 /* Release */ = {
			isa = XCBuildConfiguration;
			buildSettings = {
				ALWAYS_EMBED_SWIFT_STANDARD_LIBRARIES = YES;
				BUNDLE_LOADER = "$(TEST_HOST)";
				CODE_SIGN_STYLE = Automatic;
				CURRENT_PROJECT_VERSION = 1;
				DEVELOPMENT_TEAM = T7G2QUBVY7;
				GENERATE_INFOPLIST_FILE = YES;
				IPHONEOS_DEPLOYMENT_TARGET = 15.2;
				MARKETING_VERSION = 1.0;
				PRODUCT_BUNDLE_IDENTIFIER = NazarCompany.TabbedTests;
				PRODUCT_NAME = "$(TARGET_NAME)";
				SWIFT_EMIT_LOC_STRINGS = NO;
				SWIFT_VERSION = 5.0;
				TARGETED_DEVICE_FAMILY = "1,2";
				TEST_HOST = "$(BUILT_PRODUCTS_DIR)/Tabbed.app/Tabbed";
			};
			name = Release;
		};
		42B5900E2796E8CB000ECDA0 /* Debug */ = {
			isa = XCBuildConfiguration;
			buildSettings = {
				ALWAYS_EMBED_SWIFT_STANDARD_LIBRARIES = YES;
				CODE_SIGN_STYLE = Automatic;
				CURRENT_PROJECT_VERSION = 1;
				DEVELOPMENT_TEAM = T7G2QUBVY7;
				GENERATE_INFOPLIST_FILE = YES;
				MARKETING_VERSION = 1.0;
				PRODUCT_BUNDLE_IDENTIFIER = NazarCompany.TabbedUITests;
				PRODUCT_NAME = "$(TARGET_NAME)";
				SWIFT_EMIT_LOC_STRINGS = NO;
				SWIFT_VERSION = 5.0;
				TARGETED_DEVICE_FAMILY = "1,2";
				TEST_TARGET_NAME = Tabbed;
			};
			name = Debug;
		};
		42B5900F2796E8CB000ECDA0 /* Release */ = {
			isa = XCBuildConfiguration;
			buildSettings = {
				ALWAYS_EMBED_SWIFT_STANDARD_LIBRARIES = YES;
				CODE_SIGN_STYLE = Automatic;
				CURRENT_PROJECT_VERSION = 1;
				DEVELOPMENT_TEAM = T7G2QUBVY7;
				GENERATE_INFOPLIST_FILE = YES;
				MARKETING_VERSION = 1.0;
				PRODUCT_BUNDLE_IDENTIFIER = NazarCompany.TabbedUITests;
				PRODUCT_NAME = "$(TARGET_NAME)";
				SWIFT_EMIT_LOC_STRINGS = NO;
				SWIFT_VERSION = 5.0;
				TARGETED_DEVICE_FAMILY = "1,2";
				TEST_TARGET_NAME = Tabbed;
			};
			name = Release;
		};
/* End XCBuildConfiguration section */

/* Begin XCConfigurationList section */
		42B58FDE2796E8C8000ECDA0 /* Build configuration list for PBXProject "Tabbed" */ = {
			isa = XCConfigurationList;
			buildConfigurations = (
				42B590052796E8CB000ECDA0 /* Debug */,
				42B590062796E8CB000ECDA0 /* Release */,
			);
			defaultConfigurationIsVisible = 0;
			defaultConfigurationName = Release;
		};
		42B590072796E8CB000ECDA0 /* Build configuration list for PBXNativeTarget "Tabbed" */ = {
			isa = XCConfigurationList;
			buildConfigurations = (
				42B590082796E8CB000ECDA0 /* Debug */,
				42B590092796E8CB000ECDA0 /* Release */,
			);
			defaultConfigurationIsVisible = 0;
			defaultConfigurationName = Release;
		};
		42B5900A2796E8CB000ECDA0 /* Build configuration list for PBXNativeTarget "TabbedTests" */ = {
			isa = XCConfigurationList;
			buildConfigurations = (
				42B5900B2796E8CB000ECDA0 /* Debug */,
				42B5900C2796E8CB000ECDA0 /* Release */,
			);
			defaultConfigurationIsVisible = 0;
			defaultConfigurationName = Release;
		};
		42B5900D2796E8CB000ECDA0 /* Build configuration list for PBXNativeTarget "TabbedUITests" */ = {
			isa = XCConfigurationList;
			buildConfigurations = (
				42B5900E2796E8CB000ECDA0 /* Debug */,
				42B5900F2796E8CB000ECDA0 /* Release */,
			);
			defaultConfigurationIsVisible = 0;
			defaultConfigurationName = Release;
		};
/* End XCConfigurationList section */
	};
	rootObject = 42B58FDB2796E8C8000ECDA0 /* Project object */;
}
